
Microsoft Visual Studio Solution File, Format Version 12.00
# Visual Studio Version 16
VisualStudioVersion = 16.0.31727.386
MinimumVisualStudioVersion = 10.0.40219.1
Project("{8BC9CEB8-8B4A-11D0-8D11-00A0C91BC942}") = "MatrixLibrary", "MatrixLibrary\MatrixLibrary.vcxproj", "{B3A3124D-E314-48F9-9076-7D6F09204717}"
EndProject
Project("{8BC9CEB8-8B4A-11D0-8D11-00A0C91BC942}") = "UserMatrix", "UserMatrix\UserMatrix.vcxproj", "{446F29D0-E865-413B-9EFD-D05A3C35F991}"
EndProject
Global
	GlobalSection(SolutionConfigurationPlatforms) = preSolution
		Debug|x64 = Debug|x64
		Debug|x86 = Debug|x86
		Release|x64 = Release|x64
		Release|x86 = Release|x86
	EndGlobalSection
	GlobalSection(ProjectConfigurationPlatforms) = postSolution
		{B3A3124D-E314-48F9-9076-7D6F09204717}.Debug|x64.ActiveCfg = Debug|x64
		{B3A3124D-E314-48F9-9076-7D6F09204717}.Debug|x64.Build.0 = Debug|x64
		{B3A3124D-E314-48F9-9076-7D6F09204717}.Debug|x86.ActiveCfg = Debug|Win32
		{B3A3124D-E314-48F9-9076-7D6F09204717}.Debug|x86.Build.0 = Debug|Win32
		{B3A3124D-E314-48F9-9076-7D6F09204717}.Release|x64.ActiveCfg = Release|x64
		{B3A3124D-E314-48F9-9076-7D6F09204717}.Release|x64.Build.0 = Release|x64
		{B3A3124D-E314-48F9-9076-7D6F09204717}.Release|x86.ActiveCfg = Release|Win32
		{B3A3124D-E314-48F9-9076-7D6F09204717}.Release|x86.Build.0 = Release|Win32
		{446F29D0-E865-413B-9EFD-D05A3C35F991}.Debug|x64.ActiveCfg = Debug|x64
		{446F29D0-E865-413B-9EFD-D05A3C35F991}.Debug|x64.Build.0 = Debug|x64
		{446F29D0-E865-413B-9EFD-D05A3C35F991}.Debug|x86.ActiveCfg = Debug|Win32
		{446F29D0-E865-413B-9EFD-D05A3C35F991}.Debug|x86.Build.0 = Debug|Win32
		{446F29D0-E865-413B-9EFD-D05A3C35F991}.Release|x64.ActiveCfg = Release|x64
		{446F29D0-E865-413B-9EFD-D05A3C35F991}.Release|x64.Build.0 = Release|x64
		{446F29D0-E865-413B-9EFD-D05A3C35F991}.Release|x86.ActiveCfg = Release|Win32
		{446F29D0-E865-413B-9EFD-D05A3C35F991}.Release|x86.Build.0 = Release|Win32
	EndGlobalSection
	GlobalSection(SolutionProperties) = preSolution
		HideSolutionNode = FALSE
	EndGlobalSection
	GlobalSection(ExtensibilityGlobals) = postSolution
		SolutionGuid = {DC41B044-F1A7-4B08-BA16-2952B1F259B1}
	EndGlobalSection
EndGlobal
